
Microsoft Visual Studio Solution File, Format Version 12.00
# Visual Studio Version 17
VisualStudioVersion = 17.10.35122.118
MinimumVisualStudioVersion = 10.0.40219.1
Project("{F184B08F-C81C-45F6-A57F-5ABD9991F28F}") = "Cochieconner", "Cochieconner\Cochieconner.vbproj", "{77C7E202-EBC7-4B53-B8C9-C3A69A6D3DB5}"
EndProject
Global
	GlobalSection(SolutionConfigurationPlatforms) = preSolution
		Debug|Any CPU = Debug|Any CPU
		Release|Any CPU = Release|Any CPU
	EndGlobalSection
	GlobalSection(ProjectConfigurationPlatforms) = postSolution
		{77C7E202-EBC7-4B53-B8C9-C3A69A6D3DB5}.Debug|Any CPU.ActiveCfg = Debug|Any CPU
		{77C7E202-EBC7-4B53-B8C9-C3A69A6D3DB5}.Debug|Any CPU.Build.0 = Debug|Any CPU
		{77C7E202-EBC7-4B53-B8C9-C3A69A6D3DB5}.Release|Any CPU.ActiveCfg = Release|Any CPU
		{77C7E202-EBC7-4B53-B8C9-C3A69A6D3DB5}.Release|Any CPU.Build.0 = Release|Any CPU
	EndGlobalSection
	GlobalSection(SolutionProperties) = preSolution
		HideSolutionNode = FALSE
	EndGlobalSection
	GlobalSection(ExtensibilityGlobals) = postSolution
		SolutionGuid = {B89D9F09-3A55-4509-8148-1E5AFC4C0DD1}
	EndGlobalSection
EndGlobal
